// !$*UTF8*$!
{
	archiveVersion = 1;
	classes = {
	};
	objectVersion = 56;
	objects = {

/* Begin PBXBuildFile section */
		283C24C32C7C5BBD00D6707B /* AppDelegate.swift in Sources */ = {isa = PBXBuildFile; fileRef = 283C24C22C7C5BBD00D6707B /* AppDelegate.swift */; };
		283C24C52C7C5BBD00D6707B /* SceneDelegate.swift in Sources */ = {isa = PBXBuildFile; fileRef = 283C24C42C7C5BBD00D6707B /* SceneDelegate.swift */; };
		283C24C72C7C5BBD00D6707B /* ViewController.swift in Sources */ = {isa = PBXBuildFile; fileRef = 283C24C62C7C5BBD00D6707B /* ViewController.swift */; };
		283C24CA2C7C5BBD00D6707B /* Main.storyboard in Resources */ = {isa = PBXBuildFile; fileRef = 283C24C82C7C5BBD00D6707B /* Main.storyboard */; };
		283C24CC2C7C5BBE00D6707B /* Assets.xcassets in Resources */ = {isa = PBXBuildFile; fileRef = 283C24CB2C7C5BBE00D6707B /* Assets.xcassets */; };
		283C24CF2C7C5BBE00D6707B /* LaunchScreen.storyboard in Resources */ = {isa = PBXBuildFile; fileRef = 283C24CD2C7C5BBE00D6707B /* LaunchScreen.storyboard */; };
		283C24D82C7C5E6200D6707B /* CustomCollectionViewCell.swift in Sources */ = {isa = PBXBuildFile; fileRef = 283C24D62C7C5E6200D6707B /* CustomCollectionViewCell.swift */; };
		283C24D92C7C5E6200D6707B /* CustomCollectionViewCell.xib in Resources */ = {isa = PBXBuildFile; fileRef = 283C24D72C7C5E6200D6707B /* CustomCollectionViewCell.xib */; };
/* End PBXBuildFile section */

/* Begin PBXFileReference section */
		283C24BF2C7C5BBD00D6707B /* CollectionView example.app */ = {isa = PBXFileReference; explicitFileType = wrapper.application; includeInIndex = 0; path = "CollectionView example.app"; sourceTree = BUILT_PRODUCTS_DIR; };
		283C24C22C7C5BBD00D6707B /* AppDelegate.swift */ = {isa = PBXFileReference; lastKnownFileType = sourcecode.swift; path = AppDelegate.swift; sourceTree = "<group>"; };
		283C24C42C7C5BBD00D6707B /* SceneDelegate.swift */ = {isa = PBXFileReference; lastKnownFileType = sourcecode.swift; path = SceneDelegate.swift; sourceTree = "<group>"; };
		283C24C62C7C5BBD00D6707B /* ViewController.swift */ = {isa = PBXFileReference; lastKnownFileType = sourcecode.swift; path = ViewController.swift; sourceTree = "<group>"; };
		283C24C92C7C5BBD00D6707B /* Base */ = {isa = PBXFileReference; lastKnownFileType = file.storyboard; name = Base; path = Base.lproj/Main.storyboard; sourceTree = "<group>"; };
		283C24CB2C7C5BBE00D6707B /* Assets.xcassets */ = {isa = PBXFileReference; lastKnownFileType = folder.assetcatalog; path = Assets.xcassets; sourceTree = "<group>"; };
		283C24CE2C7C5BBE00D6707B /* Base */ = {isa = PBXFileReference; lastKnownFileType = file.storyboard; name = Base; path = Base.lproj/LaunchScreen.storyboard; sourceTree = "<group>"; };
		283C24D02C7C5BBE00D6707B /* Info.plist */ = {isa = PBXFileReference; lastKnownFileType = text.plist.xml; path = Info.plist; sourceTree = "<group>"; };
		283C24D62C7C5E6200D6707B /* CustomCollectionViewCell.swift */ = {isa = PBXFileReference; lastKnownFileType = sourcecode.swift; path = CustomCollectionViewCell.swift; sourceTree = "<group>"; };
		283C24D72C7C5E6200D6707B /* CustomCollectionViewCell.xib */ = {isa = PBXFileReference; lastKnownFileType = file.xib; path = CustomCollectionViewCell.xib; sourceTree = "<group>"; };
/* End PBXFileReference section */

/* Begin PBXFrameworksBuildPhase section */
		283C24BC2C7C5BBD00D6707B /* Frameworks */ = {
			isa = PBXFrameworksBuildPhase;
			buildActionMask = 2147483647;
			files = (
			);
			runOnlyForDeploymentPostprocessing = 0;
		};
/* End PBXFrameworksBuildPhase section */

/* Begin PBXGroup section */
		283C24B62C7C5BBD00D6707B = {
			isa = PBXGroup;
			children = (
				283C24C12C7C5BBD00D6707B /* CollectionView example */,
				283C24C02C7C5BBD00D6707B /* Products */,
			);
			sourceTree = "<group>";
		};
		283C24C02C7C5BBD00D6707B /* Products */ = {
			isa = PBXGroup;
			children = (
				283C24BF2C7C5BBD00D6707B /* CollectionView example.app */,
			);
			name = Products;
			sourceTree = "<group>";
		};
		283C24C12C7C5BBD00D6707B /* CollectionView example */ = {
			isa = PBXGroup;
			children = (
				283C24C22C7C5BBD00D6707B /* AppDelegate.swift */,
				283C24C42C7C5BBD00D6707B /* SceneDelegate.swift */,
				283C24C62C7C5BBD00D6707B /* ViewController.swift */,
				283C24D62C7C5E6200D6707B /* CustomCollectionViewCell.swift */,
				283C24D72C7C5E6200D6707B /* CustomCollectionViewCell.xib */,
				283C24C82C7C5BBD00D6707B /* Main.storyboard */,
				283C24CB2C7C5BBE00D6707B /* Assets.xcassets */,
				283C24CD2C7C5BBE00D6707B /* LaunchScreen.storyboard */,
				283C24D02C7C5BBE00D6707B /* Info.plist */,
			);
			path = "CollectionView example";
			sourceTree = "<group>";
		};
/* End PBXGroup section */

/* Begin PBXNativeTarget section */
		283C24BE2C7C5BBD00D6707B /* CollectionView example */ = {
			isa = PBXNativeTarget;
			buildConfigurationList = 283C24D32C7C5BBE00D6707B /* Build configuration list for PBXNativeTarget "CollectionView example" */;
			buildPhases = (
				283C24BB2C7C5BBD00D6707B /* Sources */,
				283C24BC2C7C5BBD00D6707B /* Frameworks */,
				283C24BD2C7C5BBD00D6707B /* Resources */,
			);
			buildRules = (
			);
			dependencies = (
			);
			name = "CollectionView example";
			productName = "CollectionView example";
			productReference = 283C24BF2C7C5BBD00D6707B /* CollectionView example.app */;
			productType = "com.apple.product-type.application";
		};
/* End PBXNativeTarget section */

/* Begin PBXProject section */
		283C24B72C7C5BBD00D6707B /* Project object */ = {
			isa = PBXProject;
			attributes = {
				BuildIndependentTargetsInParallel = 1;
				LastSwiftUpdateCheck = 1500;
				LastUpgradeCheck = 1500;
				TargetAttributes = {
					283C24BE2C7C5BBD00D6707B = {
						CreatedOnToolsVersion = 15.0.1;
					};
				};
			};
			buildConfigurationList = 283C24BA2C7C5BBD00D6707B /* Build configuration list for PBXProject "CollectionView example" */;
			compatibilityVersion = "Xcode 14.0";
			developmentRegion = en;
			hasScannedForEncodings = 0;
			knownRegions = (
				en,
				Base,
			);
			mainGroup = 283C24B62C7C5BBD00D6707B;
			productRefGroup = 283C24C02C7C5BBD00D6707B /* Products */;
			projectDirPath = "";
			projectRoot = "";
			targets = (
				283C24BE2C7C5BBD00D6707B /* CollectionView example */,
			);
		};
/* End PBXProject section */

/* Begin PBXResourcesBuildPhase section */
		283C24BD2C7C5BBD00D6707B /* Resources */ = {
			isa = PBXResourcesBuildPhase;
			buildActionMask = 2147483647;
			files = (
				283C24D92C7C5E6200D6707B /* CustomCollectionViewCell.xib in Resources */,
				283C24CF2C7C5BBE00D6707B /* LaunchScreen.storyboard in Resources */,
				283C24CC2C7C5BBE00D6707B /* Assets.xcassets in Resources */,
				283C24CA2C7C5BBD00D6707B /* Main.storyboard in Resources */,
			);
			runOnlyForDeploymentPostprocessing = 0;
		};
/* End PBXResourcesBuildPhase section */

/* Begin PBXSourcesBuildPhase section */
		283C24BB2C7C5BBD00D6707B /* Sources */ = {
			isa = PBXSourcesBuildPhase;
			buildActionMask = 2147483647;
			files = (
				283C24D82C7C5E6200D6707B /* CustomCollectionViewCell.swift in Sources */,
				283C24C72C7C5BBD00D6707B /* ViewController.swift in Sources */,
				283C24C32C7C5BBD00D6707B /* AppDelegate.swift in Sources */,
				283C24C52C7C5BBD00D6707B /* SceneDelegate.swift in Sources */,
			);
			runOnlyForDeploymentPostprocessing = 0;
		};
/* End PBXSourcesBuildPhase section */

/* Begin PBXVariantGroup section */
		283C24C82C7C5BBD00D6707B /* Main.storyboard */ = {
			isa = PBXVariantGroup;
			children = (
				283C24C92C7C5BBD00D6707B /* Base */,
			);
			name = Main.storyboard;
			sourceTree = "<group>";
		};
		283C24CD2C7C5BBE00D6707B /* LaunchScreen.storyboard */ = {
			isa = PBXVariantGroup;
			children = (
				283C24CE2C7C5BBE00D6707B /* Base */,
			);
			name = LaunchScreen.storyboard;
			sourceTree = "<group>";
		};
/* End PBXVariantGroup section */

/* Begin XCBuildConfiguration section */
		283C24D12C7C5BBE00D6707B /* Debug */ = {
			isa = XCBuildConfiguration;
			buildSettings = {
				ALWAYS_SEARCH_USER_PATHS = NO;
				ASSETCATALOG_COMPILER_GENERATE_SWIFT_ASSET_SYMBOL_EXTENSIONS = YES;
				CLANG_ANALYZER_NONNULL = YES;
				CLANG_ANALYZER_NUMBER_OBJECT_CONVERSION = YES_AGGRESSIVE;
				CLANG_CXX_LANGUAGE_STANDARD = "gnu++20";
				CLANG_ENABLE_MODULES = YES;
				CLANG_ENABLE_OBJC_ARC = YES;
				CLANG_ENABLE_OBJC_WEAK = YES;
				CLANG_WARN_BLOCK_CAPTURE_AUTORELEASING = YES;
				CLANG_WARN_BOOL_CONVERSION = YES;
				CLANG_WARN_COMMA = YES;
				CLANG_WARN_CONSTANT_CONVERSION = YES;
				CLANG_WARN_DEPRECATED_OBJC_IMPLEMENTATIONS = YES;
				CLANG_WARN_DIRECT_OBJC_ISA_USAGE = YES_ERROR;
				CLANG_WARN_DOCUMENTATION_COMMENTS = YES;
				CLANG_WARN_EMPTY_BODY = YES;
				CLANG_WARN_ENUM_CONVERSION = YES;
				CLANG_WARN_INFINITE_RECURSION = YES;
				CLANG_WARN_INT_CONVERSION = YES;
				CLANG_WARN_NON_LITERAL_NULL_CONVERSION = YES;
				CLANG_WARN_OBJC_IMPLICIT_RETAIN_SELF = YES;
				CLANG_WARN_OBJC_LITERAL_CONVERSION = YES;
				CLANG_WARN_OBJC_ROOT_CLASS = YES_ERROR;
				CLANG_WARN_QUOTED_INCLUDE_IN_FRAMEWORK_HEADER = YES;
				CLANG_WARN_RANGE_LOOP_ANALYSIS = YES;
				CLANG_WARN_STRICT_PROTOTYPES = YES;
				CLANG_WARN_SUSPICIOUS_MOVE = YES;
				CLANG_WARN_UNGUARDED_AVAILABILITY = YES_AGGRESSIVE;
				CLANG_WARN_UNREACHABLE_CODE = YES;
				CLANG_WARN__DUPLICATE_METHOD_MATCH = YES;
				COPY_PHASE_STRIP = NO;
				DEBUG_INFORMATION_FORMAT = dwarf;
				ENABLE_STRICT_OBJC_MSGSEND = YES;
				ENABLE_TESTABILITY = YES;
				ENABLE_USER_SCRIPT_SANDBOXING = YES;
				GCC_C_LANGUAGE_STANDARD = gnu17;
				GCC_DYNAMIC_NO_PIC = NO;
				GCC_NO_COMMON_BLOCKS = YES;
				GCC_OPTIMIZATION_LEVEL = 0;
				GCC_PREPROCESSOR_DEFINITIONS = (
					"DEBUG=1",
					"$(inherited)",
				);
				GCC_WARN_64_TO_32_BIT_CONVERSION = YES;
				GCC_WARN_ABOUT_RETURN_TYPE = YES_ERROR;
				GCC_WARN_UNDECLARED_SELECTOR = YES;
				GCC_WARN_UNINITIALIZED_AUTOS = YES_AGGRESSIVE;
				GCC_WARN_UNUSED_FUNCTION = YES;
				GCC_WARN_UNUSED_VARIABLE = YES;
				IPHONEOS_DEPLOYMENT_TARGET = 17.0;
				LOCALIZATION_PREFERS_STRING_CATALOGS = YES;
				MTL_ENABLE_DEBUG_INFO = INCLUDE_SOURCE;
				MTL_FAST_MATH = YES;
				ONLY_ACTIVE_ARCH = YES;
				SDKROOT = iphoneos;
				SWIFT_ACTIVE_COMPILATION_CONDITIONS = "DEBUG $(inherited)";
				SWIFT_OPTIMIZATION_LEVEL = "-Onone";
			};
			name = Debug;
		};
		283C24D22C7C5BBE00D6707B /* Release */ = {
			isa = XCBuildConfiguration;
			buildSettings = {
				ALWAYS_SEARCH_USER_PATHS = NO;
				ASSETCATALOG_COMPILER_GENERATE_SWIFT_ASSET_SYMBOL_EXTENSIONS = YES;
				CLANG_ANALYZER_NONNULL = YES;
				CLANG_ANALYZER_NUMBER_OBJECT_CONVERSION = YES_AGGRESSIVE;
				CLANG_CXX_LANGUAGE_STANDARD = "gnu++20";
				CLANG_ENABLE_MODULES = YES;
				CLANG_ENABLE_OBJC_ARC = YES;
				CLANG_ENABLE_OBJC_WEAK = YES;
				CLANG_WARN_BLOCK_CAPTURE_AUTORELEASING = YES;
				CLANG_WARN_BOOL_CONVERSION = YES;
				CLANG_WARN_COMMA = YES;
				CLANG_WARN_CONSTANT_CONVERSION = YES;
				CLANG_WARN_DEPRECATED_OBJC_IMPLEMENTATIONS = YES;
				CLANG_WARN_DIRECT_OBJC_ISA_USAGE = YES_ERROR;
				CLANG_WARN_DOCUMENTATION_COMMENTS = YES;
				CLANG_WARN_EMPTY_BODY = YES;
				CLANG_WARN_ENUM_CONVERSION = YES;
				CLANG_WARN_INFINITE_RECURSION = YES;
				CLANG_WARN_INT_CONVERSION = YES;
				CLANG_WARN_NON_LITERAL_NULL_CONVERSION = YES;
				CLANG_WARN_OBJC_IMPLICIT_RETAIN_SELF = YES;
				CLANG_WARN_OBJC_LITERAL_CONVERSION = YES;
				CLANG_WARN_OBJC_ROOT_CLASS = YES_ERROR;
				CLANG_WARN_QUOTED_INCLUDE_IN_FRAMEWORK_HEADER = YES;
				CLANG_WARN_RANGE_LOOP_ANALYSIS = YES;
				CLANG_WARN_STRICT_PROTOTYPES = YES;
				CLANG_WARN_SUSPICIOUS_MOVE = YES;
				CLANG_WARN_UNGUARDED_AVAILABILITY = YES_AGGRESSIVE;
				CLANG_WARN_UNREACHABLE_CODE = YES;
				CLANG_WARN__DUPLICATE_METHOD_MATCH = YES;
				COPY_PHASE_STRIP = NO;
				DEBUG_INFORMATION_FORMAT = "dwarf-with-dsym";
				ENABLE_NS_ASSERTIONS = NO;
				ENABLE_STRICT_OBJC_MSGSEND = YES;
				ENABLE_USER_SCRIPT_SANDBOXING = YES;
				GCC_C_LANGUAGE_STANDARD = gnu17;
				GCC_NO_COMMON_BLOCKS = YES;
				GCC_WARN_64_TO_32_BIT_CONVERSION = YES;
				GCC_WARN_ABOUT_RETURN_TYPE = YES_ERROR;
				GCC_WARN_UNDECLARED_SELECTOR = YES;
				GCC_WARN_UNINITIALIZED_AUTOS = YES_AGGRESSIVE;
				GCC_WARN_UNUSED_FUNCTION = YES;
				GCC_WARN_UNUSED_VARIABLE = YES;
				IPHONEOS_DEPLOYMENT_TARGET = 17.0;
				LOCALIZATION_PREFERS_STRING_CATALOGS = YES;
				MTL_ENABLE_DEBUG_INFO = NO;
				MTL_FAST_MATH = YES;
				SDKROOT = iphoneos;
				SWIFT_COMPILATION_MODE = wholemodule;
				VALIDATE_PRODUCT = YES;
			};
			name = Release;
		};
		283C24D42C7C5BBE00D6707B /* Debug */ = {
			isa = XCBuildConfiguration;
			buildSettings = {
				ASSETCATALOG_COMPILER_APPICON_NAME = AppIcon;
				ASSETCATALOG_COMPILER_GLOBAL_ACCENT_COLOR_NAME = AccentColor;
				CODE_SIGN_STYLE = Automatic;
				CURRENT_PROJECT_VERSION = 1;
				DEVELOPMENT_TEAM = EKLMW4PJ2F;
				GENERATE_INFOPLIST_FILE = YES;
				INFOPLIST_FILE = "CollectionView example/Info.plist";
				INFOPLIST_KEY_UIApplicationSupportsIndirectInputEvents = YES;
				INFOPLIST_KEY_UILaunchStoryboardName = LaunchScreen;
				INFOPLIST_KEY_UIMainStoryboardFile = Main;
				INFOPLIST_KEY_UISupportedInterfaceOrientations_iPad = "UIInterfaceOrientationPortrait UIInterfaceOrientationPortraitUpsideDown UIInterfaceOrientationLandscapeLeft UIInterfaceOrientationLandscapeRight";
				INFOPLIST_KEY_UISupportedInterfaceOrientations_iPhone = "UIInterfaceOrientationPortrait UIInterfaceOrientationLandscapeLeft UIInterfaceOrientationLandscapeRight";
				LD_RUNPATH_SEARCH_PATHS = (
					"$(inherited)",
					"@executable_path/Frameworks",
				);
				MARKETING_VERSION = 1.0;
				PRODUCT_BUNDLE_IDENTIFIER = "com.chaitanyasoni.CollectionView-example";
				PRODUCT_NAME = "$(TARGET_NAME)";
				SWIFT_EMIT_LOC_STRINGS = YES;
				SWIFT_VERSION = 5.0;
				TARGETED_DEVICE_FAMILY = "1,2";
			};
			name = Debug;
		};
		283C24D52C7C5BBE00D6707B /* Release */ = {
			isa = XCBuildConfiguration;
			buildSettings = {
				ASSETCATALOG_COMPILER_APPICON_NAME = AppIcon;
				ASSETCATALOG_COMPILER_GLOBAL_ACCENT_COLOR_NAME = AccentColor;
				CODE_SIGN_STYLE = Automatic;
				CURRENT_PROJECT_VERSION = 1;
				DEVELOPMENT_TEAM = EKLMW4PJ2F;
				GENERATE_INFOPLIST_FILE = YES;
				INFOPLIST_FILE = "CollectionView example/Info.plist";
				INFOPLIST_KEY_UIApplicationSupportsIndirectInputEvents = YES;
				INFOPLIST_KEY_UILaunchStoryboardName = LaunchScreen;
				INFOPLIST_KEY_UIMainStoryboardFile = Main;
				INFOPLIST_KEY_UISupportedInterfaceOrientations_iPad = "UIInterfaceOrientationPortrait UIInterfaceOrientationPortraitUpsideDown UIInterfaceOrientationLandscapeLeft UIInterfaceOrientationLandscapeRight";
				INFOPLIST_KEY_UISupportedInterfaceOrientations_iPhone = "UIInterfaceOrientationPortrait UIInterfaceOrientationLandscapeLeft UIInterfaceOrientationLandscapeRight";
				LD_RUNPATH_SEARCH_PATHS = (
					"$(inherited)",
					"@executable_path/Frameworks",
				);
				MARKETING_VERSION = 1.0;
				PRODUCT_BUNDLE_IDENTIFIER = "com.chaitanyasoni.CollectionView-example";
				PRODUCT_NAME = "$(TARGET_NAME)";
				SWIFT_EMIT_LOC_STRINGS = YES;
				SWIFT_VERSION = 5.0;
				TARGETED_DEVICE_FAMILY = "1,2";
			};
			name = Release;
		};
/* End XCBuildConfiguration section */

/* Begin XCConfigurationList section */
		283C24BA2C7C5BBD00D6707B /* Build configuration list for PBXProject "CollectionView example" */ = {
			isa = XCConfigurationList;
			buildConfigurations = (
				283C24D12C7C5BBE00D6707B /* Debug */,
				283C24D22C7C5BBE00D6707B /* Release */,
			);
			defaultConfigurationIsVisible = 0;
			defaultConfigurationName = Release;
		};
		283C24D32C7C5BBE00D6707B /* Build configuration list for PBXNativeTarget "CollectionView example" */ = {
			isa = XCConfigurationList;
			buildConfigurations = (
				283C24D42C7C5BBE00D6707B /* Debug */,
				283C24D52C7C5BBE00D6707B /* Release */,
			);
			defaultConfigurationIsVisible = 0;
			defaultConfigurationName = Release;
		};
/* End XCConfigurationList section */
	};
	rootObject = 283C24B72C7C5BBD00D6707B /* Project object */;
}
